{
  "name": "@serverless-components/aws-s3-website",
  "version": "0.3.0",
  "lockfileVersion": 1,
  "requires": true,
  "dependencies": {
    "graceful-fs": {
      "version": "4.1.11",
      "resolved": "https://registry.npmjs.org/graceful-fs/-/graceful-fs-4.1.11.tgz",
      "integrity": "sha1-Dovf5NHduIVNZOBOp8AOKgJuVlg="
    },
    "klaw-sync": {
      "version": "4.0.0",
      "resolved": "https://registry.npmjs.org/klaw-sync/-/klaw-sync-4.0.0.tgz",
      "integrity": "sha512-go/5tXbgLkgwxQ2c2ewaMen6TpQtI9fTzzmTdlSGK8XxKcFSsJvn/Sgn75Vg+mOJwkKVPrqLw2Xq7x/zP1v7PQ==",
      "requires": {
        "graceful-fs": "4.1.11"
      }
    }
  }
}
