{
  "name": "dynamodb",
  "version": "0.0.1",
  "lockfileVersion": 1,
  "requires": true,
  "dependencies": {
    "framework": {
      "version": "file:../../framework",
      "requires": {
        "aws-sdk": "2.185.0",
        "bluebird": "3.5.1",
        "dependency-graph": "0.7.0",
        "fs-extra": "5.0.0",
        "js-yaml": "3.10.0",
        "ramda": "0.25.0"
      },
      "dependencies": {
        "argparse": {
          "version": "1.0.9",
          "bundled": true,
          "requires": {
            "sprintf-js": "1.0.3"
          }
        },
        "aws-sdk": {
          "version": "2.185.0",
          "bundled": true,
          "requires": {
            "buffer": "4.9.1",
            "events": "1.1.1",
            "jmespath": "0.15.0",
            "querystring": "0.2.0",
            "sax": "1.2.1",
            "url": "0.10.3",
            "uuid": "3.1.0",
            "xml2js": "0.4.17",
            "xmlbuilder": "4.2.1"
          }
        },
        "base64-js": {
          "version": "1.2.1",
          "bundled": true
        },
        "bluebird": {
          "version": "3.5.1",
          "bundled": true
        },
        "buffer": {
          "version": "4.9.1",
          "bundled": true,
          "requires": {
            "base64-js": "1.2.1",
            "ieee754": "1.1.8",
            "isarray": "1.0.0"
          }
        },
        "dependency-graph": {
          "version": "0.7.0",
          "bundled": true
        },
        "esprima": {
          "version": "4.0.0",
          "bundled": true
        },
        "events": {
          "version": "1.1.1",
          "bundled": true
        },
        "fs-extra": {
          "version": "5.0.0",
          "bundled": true,
          "requires": {
            "graceful-fs": "4.1.11",
            "jsonfile": "4.0.0",
            "universalify": "0.1.1"
          }
        },
        "graceful-fs": {
          "version": "4.1.11",
          "bundled": true
        },
        "ieee754": {
          "version": "1.1.8",
          "bundled": true
        },
        "isarray": {
          "version": "1.0.0",
          "bundled": true
        },
        "jmespath": {
          "version": "0.15.0",
          "bundled": true
        },
        "js-yaml": {
          "version": "3.10.0",
          "bundled": true,
          "requires": {
            "argparse": "1.0.9",
            "esprima": "4.0.0"
          }
        },
        "jsonfile": {
          "version": "4.0.0",
          "bundled": true,
          "requires": {
            "graceful-fs": "4.1.11"
          }
        },
        "lodash": {
          "version": "4.17.4",
          "bundled": true
        },
        "punycode": {
          "version": "1.3.2",
          "bundled": true
        },
        "querystring": {
          "version": "0.2.0",
          "bundled": true
        },
        "ramda": {
          "version": "0.25.0",
          "bundled": true
        },
        "sax": {
          "version": "1.2.1",
          "bundled": true
        },
        "sprintf-js": {
          "version": "1.0.3",
          "bundled": true
        },
        "universalify": {
          "version": "0.1.1",
          "bundled": true
        },
        "url": {
          "version": "0.10.3",
          "bundled": true,
          "requires": {
            "punycode": "1.3.2",
            "querystring": "0.2.0"
          }
        },
        "uuid": {
          "version": "3.1.0",
          "bundled": true
        },
        "xml2js": {
          "version": "0.4.17",
          "bundled": true,
          "requires": {
            "sax": "1.2.1",
            "xmlbuilder": "4.2.1"
          }
        },
        "xmlbuilder": {
          "version": "4.2.1",
          "bundled": true,
          "requires": {
            "lodash": "4.17.4"
          }
        }
      }
    }
  }
}
